<Solution>
    <Project Path="recipe/parser/lib/Tell.Recipe.Parser.csproj" />
    <Project Path="recipe/parser/play/Tell.Recipe.Parser.Playground.csproj" />
    <Project Path="recipe/runner/lib/Tell.Recipe.Runner.csproj" />
    <Project Path="recipe/runner/play/Tell.Recipe.Runner.Playground.csproj" />
    <Project Path="rule/parser/lib/Tell.Rule.Parser.csproj" />
    <Project Path="rule/parser/play/Tell.Rule.Parser.Playground.csproj" />
    <Project Path="superpower/lib/Tell.Superpower.csproj" />
    <Project Path="superpower/play/Tell.Superpower.Playground.csproj" />
    <Project Path="ast/lexer/lib/Tell.Ast.Lexer.csproj" />
    <Project Path="ast/lexer/play/Tell.Ast.Lexer.Playground.csproj" />
    <Project Path="inspirations/makefile/play/Tell.Inspirations.Makefile.Playground.csproj" />
    <Project Path="ast/parser/play/Tell.Parser.Playground.csproj" />
    <Project Path="ast/parser/lib/Tell.Ast.Parser.csproj" />
    <Project Path="target/parser/lib/Tell.Target.Parser.csproj" />
    <Project Path="target/parser/play/Tell.Target.Parser.Playground.csproj" />
    <Project Path="var/use/parser/lib/Tell.Var.Use.Parser.csproj" />
    <Project Path="var/use/parser/play/Tell.Var.Use.Parser.Playground.csproj" />
</Solution>
