<Solution>
    <Project Path="recipe/lexer/play/Tell.Recipe.Lexer.Playground.csproj" />
    <Project Path="recipe/lexer/lib/Tell.Recipe.Lexer.csproj" />
    <Project Path="recipe/parser/lib/Tell.Recipe.Parser.csproj" />
    <Project Path="recipe/parser/play/Tell.Recipe.Parser.Playground.csproj" />
    <Project Path="recipe/runner/play/Tell.Recipe.Runner.Playground.csproj" />
    <Project Path="ast/lexer/lib/Tell.Ast.Lexer.csproj" />
    <Project Path="ast/lexer/play/Tell.Ast.Lexer.Playground.csproj" />
    <Project Path="inspirations/makefile/play/Tell.Inspirations.Makefile.Playground.csproj" />
    <Project Path="ast/parser/play/Tell.Parser.Playground.csproj" />
    <Project Path="ast/parser/lib/Tell.Ast.Parser.csproj" />
    <Project Path="vars/use/lexer/lib/Tell.Vars.Use.Lexer.csproj" />
    <Project Path="vars/use/lexer/play/Tell.Vars.Use.Lexer.Playground.csproj" />
</Solution>
